{
  "version": 4,
  "terraform_version": "1.3.5",
  "serial": 10,
  "lineage": "345b6218-bab1-73ee-6379-d95ac4d4bbc8",
  "outputs": {},
  "resources": [
    {
      "mode": "managed",
      "type": "azurerm_data_factory",
      "name": "gen_data_factory",
      "provider": "provider[\"registry.terraform.io/hashicorp/azurerm\"]",
      "instances": [
        {
          "schema_version": 2,
          "attributes": {
            "customer_managed_key_id": "",
            "customer_managed_key_identity_id": "",
            "github_configuration": [],
            "global_parameter": [],
            "id": "/subscriptions/a4c81412-9cb9-4d76-aaa7-14f85696678a/resourceGroups/abdus-terraform/providers/Microsoft.DataFactory/factories/abdus-data-factory",
            "identity": [],
            "location": "eastus",
            "managed_virtual_network_enabled": false,
            "name": "abdus-data-factory",
            "public_network_enabled": true,
            "purview_id": null,
            "resource_group_name": "abdus-terraform",
            "tags": {},
            "timeouts": null,
            "vsts_configuration": []
          },
          "sensitive_attributes": [],
          "private": "eyJlMmJmYjczMC1lY2FhLTExZTYtOGY4OC0zNDM2M2JjN2M0YzAiOnsiY3JlYXRlIjoxODAwMDAwMDAwMDAwLCJkZWxldGUiOjE4MDAwMDAwMDAwMDAsInJlYWQiOjMwMDAwMDAwMDAwMCwidXBkYXRlIjoxODAwMDAwMDAwMDAwfSwic2NoZW1hX3ZlcnNpb24iOiIyIn0=",
          "dependencies": [
            "azurerm_resource_group.gen_resource_group"
          ]
        }
      ]
    },
    {
      "mode": "managed",
      "type": "azurerm_databricks_workspace",
      "name": "gen_databricks",
      "provider": "provider[\"registry.terraform.io/hashicorp/azurerm\"]",
      "instances": [
        {
          "schema_version": 0,
          "attributes": {
            "custom_parameters": [
              {
                "machine_learning_workspace_id": "",
                "nat_gateway_name": "nat-gateway",
                "no_public_ip": false,
                "private_subnet_name": "",
                "private_subnet_network_security_group_association_id": "",
                "public_ip_name": "nat-gw-public-ip",
                "public_subnet_name": "",
                "public_subnet_network_security_group_association_id": "",
                "storage_account_name": "dbstorage5gmycl6zyqv3g",
                "storage_account_sku_name": "Standard_GRS",
                "virtual_network_id": "",
                "vnet_address_prefix": "10.139"
              }
            ],
            "customer_managed_key_enabled": false,
            "disk_encryption_set_id": null,
            "id": "/subscriptions/a4c81412-9cb9-4d76-aaa7-14f85696678a/resourceGroups/abdus-terraform/providers/Microsoft.Databricks/workspaces/abdus-databricks-workspace",
            "infrastructure_encryption_enabled": false,
            "load_balancer_backend_address_pool_id": "",
            "location": "eastus",
            "managed_disk_cmk_key_vault_key_id": null,
            "managed_disk_cmk_rotation_to_latest_version_enabled": null,
            "managed_disk_identity": [],
            "managed_resource_group_id": "/subscriptions/a4c81412-9cb9-4d76-aaa7-14f85696678a/resourceGroups/databricks-rg-abdus-terraform",
            "managed_resource_group_name": "databricks-rg-abdus-terraform",
            "managed_services_cmk_key_vault_key_id": null,
            "name": "abdus-databricks-workspace",
            "network_security_group_rules_required": null,
            "public_network_access_enabled": true,
            "resource_group_name": "abdus-terraform",
            "sku": "standard",
            "storage_account_identity": [],
            "tags": {},
            "timeouts": null,
            "workspace_id": "1157614812983645",
            "workspace_url": "adb-1157614812983645.5.azuredatabricks.net"
          },
          "sensitive_attributes": [],
          "private": "eyJlMmJmYjczMC1lY2FhLTExZTYtOGY4OC0zNDM2M2JjN2M0YzAiOnsiY3JlYXRlIjoxODAwMDAwMDAwMDAwLCJkZWxldGUiOjE4MDAwMDAwMDAwMDAsInJlYWQiOjMwMDAwMDAwMDAwMCwidXBkYXRlIjoxODAwMDAwMDAwMDAwfX0=",
          "dependencies": [
            "azurerm_resource_group.gen_resource_group"
          ]
        }
      ]
    },
    {
      "mode": "managed",
      "type": "azurerm_resource_group",
      "name": "gen_resource_group",
      "provider": "provider[\"registry.terraform.io/hashicorp/azurerm\"]",
      "instances": [
        {
          "schema_version": 0,
          "attributes": {
            "id": "/subscriptions/a4c81412-9cb9-4d76-aaa7-14f85696678a/resourceGroups/abdus-terraform",
            "location": "eastus",
            "name": "abdus-terraform",
            "tags": {
              "environtment": "dev",
              "owner": "abdus",
              "source": "Terraform"
            },
            "timeouts": null
          },
          "sensitive_attributes": [],
          "private": "eyJlMmJmYjczMC1lY2FhLTExZTYtOGY4OC0zNDM2M2JjN2M0YzAiOnsiY3JlYXRlIjo1NDAwMDAwMDAwMDAwLCJkZWxldGUiOjU0MDAwMDAwMDAwMDAsInJlYWQiOjMwMDAwMDAwMDAwMCwidXBkYXRlIjo1NDAwMDAwMDAwMDAwfX0="
        }
      ]
    },
    {
      "mode": "managed",
      "type": "azurerm_sql_database",
      "name": "gen_sql_db",
      "provider": "provider[\"registry.terraform.io/hashicorp/azurerm\"]",
      "instances": [
        {
          "schema_version": 0,
          "attributes": {
            "collation": "SQL_Latin1_General_CP1_CI_AS",
            "create_mode": "Default",
            "creation_date": "2023-05-11T15:24:48.78Z",
            "default_secondary_location": "West US",
            "edition": "Standard",
            "elastic_pool_name": "",
            "encryption": "",
            "id": "/subscriptions/a4c81412-9cb9-4d76-aaa7-14f85696678a/resourceGroups/abdus-terraform/providers/Microsoft.Sql/servers/abdus-sql-server/databases/my-sql-database",
            "import": [],
            "location": "eastus",
            "max_size_bytes": "268435456000",
            "max_size_gb": null,
            "name": "my-sql-database",
            "read_scale": false,
            "requested_service_objective_id": "f1173c43-91bd-4aaa-973c-54e79e15235b",
            "requested_service_objective_name": "S0",
            "resource_group_name": "abdus-terraform",
            "restore_point_in_time": null,
            "server_name": "abdus-sql-server",
            "source_database_deletion_date": null,
            "source_database_id": null,
            "tags": null,
            "threat_detection_policy": [
              {
                "disabled_alerts": [],
                "email_account_admins": "Disabled",
                "email_addresses": [],
                "retention_days": 0,
                "state": "Disabled",
                "storage_account_access_key": "",
                "storage_endpoint": ""
              }
            ],
            "timeouts": null,
            "zone_redundant": false
          },
          "sensitive_attributes": [],
          "private": "eyJlMmJmYjczMC1lY2FhLTExZTYtOGY4OC0zNDM2M2JjN2M0YzAiOnsiY3JlYXRlIjozNjAwMDAwMDAwMDAwLCJkZWxldGUiOjM2MDAwMDAwMDAwMDAsInJlYWQiOjMwMDAwMDAwMDAwMCwidXBkYXRlIjozNjAwMDAwMDAwMDAwfX0=",
          "dependencies": [
            "azurerm_resource_group.gen_resource_group",
            "azurerm_sql_server.gen_sql_server"
          ]
        }
      ]
    },
    {
      "mode": "managed",
      "type": "azurerm_sql_server",
      "name": "gen_sql_server",
      "provider": "provider[\"registry.terraform.io/hashicorp/azurerm\"]",
      "instances": [
        {
          "schema_version": 0,
          "attributes": {
            "administrator_login": "sqladmin",
            "administrator_login_password": "Y0unWkow$22",
            "connection_policy": "Default",
            "fully_qualified_domain_name": "abdus-sql-server.database.windows.net",
            "id": "/subscriptions/a4c81412-9cb9-4d76-aaa7-14f85696678a/resourceGroups/abdus-terraform/providers/Microsoft.Sql/servers/abdus-sql-server",
            "identity": [],
            "location": "eastus",
            "name": "abdus-sql-server",
            "resource_group_name": "abdus-terraform",
            "tags": {
              "environment": "dev"
            },
            "threat_detection_policy": [
              {
                "disabled_alerts": [
                  ""
                ],
                "email_account_admins": false,
                "email_addresses": [
                  ""
                ],
                "retention_days": 0,
                "state": "Disabled",
                "storage_account_access_key": "",
                "storage_endpoint": ""
              }
            ],
            "timeouts": null,
            "version": "12.0"
          },
          "sensitive_attributes": [],
          "private": "eyJlMmJmYjczMC1lY2FhLTExZTYtOGY4OC0zNDM2M2JjN2M0YzAiOnsiY3JlYXRlIjozNjAwMDAwMDAwMDAwLCJkZWxldGUiOjM2MDAwMDAwMDAwMDAsInJlYWQiOjMwMDAwMDAwMDAwMCwidXBkYXRlIjozNjAwMDAwMDAwMDAwfX0=",
          "dependencies": [
            "azurerm_resource_group.gen_resource_group"
          ]
        }
      ]
    },
    {
      "mode": "managed",
      "type": "azurerm_storage_account",
      "name": "gen_data_lake_gen2",
      "provider": "provider[\"registry.terraform.io/hashicorp/azurerm\"]",
      "instances": [
        {
          "schema_version": 3,
          "attributes": {
            "access_tier": "Hot",
            "account_kind": "StorageV2",
            "account_replication_type": "LRS",
            "account_tier": "Standard",
            "allow_nested_items_to_be_public": true,
            "allowed_copy_scope": "",
            "azure_files_authentication": [],
            "blob_properties": [
              {
                "change_feed_enabled": false,
                "change_feed_retention_in_days": 0,
                "container_delete_retention_policy": [],
                "cors_rule": [],
                "default_service_version": "",
                "delete_retention_policy": [],
                "last_access_time_enabled": false,
                "restore_policy": [],
                "versioning_enabled": false
              }
            ],
            "cross_tenant_replication_enabled": true,
            "custom_domain": [],
            "customer_managed_key": [],
            "default_to_oauth_authentication": false,
            "edge_zone": "",
            "enable_https_traffic_only": true,
            "id": "/subscriptions/a4c81412-9cb9-4d76-aaa7-14f85696678a/resourceGroups/abdus-terraform/providers/Microsoft.Storage/storageAccounts/abdusstorage",
            "identity": [
              {
                "identity_ids": [],
                "principal_id": "1182a4d7-53ff-437d-a2b5-c28c66463a96",
                "tenant_id": "ff1fc9e3-26ae-45ae-a79a-32197c30c04d",
                "type": "SystemAssigned"
              }
            ],
            "immutability_policy": [],
            "infrastructure_encryption_enabled": false,
            "is_hns_enabled": false,
            "large_file_share_enabled": null,
            "location": "eastus",
            "min_tls_version": "TLS1_2",
            "name": "abdusstorage",
            "network_rules": [
              {
                "bypass": [
                  "AzureServices"
                ],
                "default_action": "Allow",
                "ip_rules": [],
                "private_link_access": [],
                "virtual_network_subnet_ids": []
              }
            ],
            "nfsv3_enabled": false,
            "primary_access_key": "D0CQFBmWuDyUj/FDAJLgfeGwDDhCQgIUWJ6yvU3nKk2E3HIUE9sMEGcasOuaHiKutQnwLkPlOpE9+AStuILdLA==",
            "primary_blob_connection_string": "DefaultEndpointsProtocol=https;BlobEndpoint=https://abdusstorage.blob.core.windows.net/;AccountName=abdusstorage;AccountKey=D0CQFBmWuDyUj/FDAJLgfeGwDDhCQgIUWJ6yvU3nKk2E3HIUE9sMEGcasOuaHiKutQnwLkPlOpE9+AStuILdLA==",
            "primary_blob_endpoint": "https://abdusstorage.blob.core.windows.net/",
            "primary_blob_host": "abdusstorage.blob.core.windows.net",
            "primary_connection_string": "DefaultEndpointsProtocol=https;AccountName=abdusstorage;AccountKey=D0CQFBmWuDyUj/FDAJLgfeGwDDhCQgIUWJ6yvU3nKk2E3HIUE9sMEGcasOuaHiKutQnwLkPlOpE9+AStuILdLA==;EndpointSuffix=core.windows.net",
            "primary_dfs_endpoint": "https://abdusstorage.dfs.core.windows.net/",
            "primary_dfs_host": "abdusstorage.dfs.core.windows.net",
            "primary_file_endpoint": "https://abdusstorage.file.core.windows.net/",
            "primary_file_host": "abdusstorage.file.core.windows.net",
            "primary_location": "eastus",
            "primary_queue_endpoint": "https://abdusstorage.queue.core.windows.net/",
            "primary_queue_host": "abdusstorage.queue.core.windows.net",
            "primary_table_endpoint": "https://abdusstorage.table.core.windows.net/",
            "primary_table_host": "abdusstorage.table.core.windows.net",
            "primary_web_endpoint": "https://abdusstorage.z13.web.core.windows.net/",
            "primary_web_host": "abdusstorage.z13.web.core.windows.net",
            "public_network_access_enabled": true,
            "queue_encryption_key_type": "Service",
            "queue_properties": [
              {
                "cors_rule": [],
                "hour_metrics": [
                  {
                    "enabled": true,
                    "include_apis": true,
                    "retention_policy_days": 7,
                    "version": "1.0"
                  }
                ],
                "logging": [
                  {
                    "delete": false,
                    "read": false,
                    "retention_policy_days": 0,
                    "version": "1.0",
                    "write": false
                  }
                ],
                "minute_metrics": [
                  {
                    "enabled": false,
                    "include_apis": false,
                    "retention_policy_days": 0,
                    "version": "1.0"
                  }
                ]
              }
            ],
            "resource_group_name": "abdus-terraform",
            "routing": [],
            "sas_policy": [],
            "secondary_access_key": "8hP7qckc0PxxPU5mSXJkC0nYLpaNELFnlkSolibem5cXyijOAgHBwfcfbmaOet0tB+k02C7IO0y++AStAR0IBg==",
            "secondary_blob_connection_string": "",
            "secondary_blob_endpoint": null,
            "secondary_blob_host": null,
            "secondary_connection_string": "DefaultEndpointsProtocol=https;AccountName=abdusstorage;AccountKey=8hP7qckc0PxxPU5mSXJkC0nYLpaNELFnlkSolibem5cXyijOAgHBwfcfbmaOet0tB+k02C7IO0y++AStAR0IBg==;EndpointSuffix=core.windows.net",
            "secondary_dfs_endpoint": null,
            "secondary_dfs_host": null,
            "secondary_file_endpoint": null,
            "secondary_file_host": null,
            "secondary_location": "",
            "secondary_queue_endpoint": null,
            "secondary_queue_host": null,
            "secondary_table_endpoint": null,
            "secondary_table_host": null,
            "secondary_web_endpoint": null,
            "secondary_web_host": null,
            "sftp_enabled": false,
            "share_properties": [
              {
                "cors_rule": [],
                "retention_policy": [
                  {
                    "days": 7
                  }
                ],
                "smb": []
              }
            ],
            "shared_access_key_enabled": true,
            "static_website": [],
            "table_encryption_key_type": "Service",
            "tags": {},
            "timeouts": null
          },
          "sensitive_attributes": [],
          "private": "eyJlMmJmYjczMC1lY2FhLTExZTYtOGY4OC0zNDM2M2JjN2M0YzAiOnsiY3JlYXRlIjozNjAwMDAwMDAwMDAwLCJkZWxldGUiOjM2MDAwMDAwMDAwMDAsInJlYWQiOjMwMDAwMDAwMDAwMCwidXBkYXRlIjozNjAwMDAwMDAwMDAwfSwic2NoZW1hX3ZlcnNpb24iOiIzIn0=",
          "dependencies": [
            "azurerm_resource_group.gen_resource_group"
          ]
        }
      ]
    },
    {
      "mode": "managed",
      "type": "azurerm_storage_container",
      "name": "gen_storage_container",
      "provider": "provider[\"registry.terraform.io/hashicorp/azurerm\"]",
      "instances": [
        {
          "schema_version": 1,
          "attributes": {
            "container_access_type": "private",
            "has_immutability_policy": false,
            "has_legal_hold": false,
            "id": "https://abdusstorage.blob.core.windows.net/my-container",
            "metadata": {},
            "name": "my-container",
            "resource_manager_id": "/subscriptions/a4c81412-9cb9-4d76-aaa7-14f85696678a/resourceGroups/abdus-terraform/providers/Microsoft.Storage/storageAccounts/abdusstorage/blobServices/default/containers/my-container",
            "storage_account_name": "abdusstorage",
            "timeouts": null
          },
          "sensitive_attributes": [],
          "private": "eyJlMmJmYjczMC1lY2FhLTExZTYtOGY4OC0zNDM2M2JjN2M0YzAiOnsiY3JlYXRlIjoxODAwMDAwMDAwMDAwLCJkZWxldGUiOjE4MDAwMDAwMDAwMDAsInJlYWQiOjMwMDAwMDAwMDAwMCwidXBkYXRlIjoxODAwMDAwMDAwMDAwfSwic2NoZW1hX3ZlcnNpb24iOiIxIn0=",
          "dependencies": [
            "azurerm_resource_group.gen_resource_group",
            "azurerm_storage_account.gen_data_lake_gen2"
          ]
        }
      ]
    }
  ],
  "check_results": null
}
